{
  "name": "a",
  "version": "1.0.0",
  "lockfileVersion": 1,
  "requires": true,
  "dependencies": {
    "bulk-replace": {
      "version": "0.0.1",
      "resolved": "https://registry.npmjs.org/bulk-replace/-/bulk-replace-0.0.1.tgz",
      "integrity": "sha1-8JVoKolqvUs9ngjeQJzCIuIT+d0="
    },
    "hepburn": {
      "version": "1.1.1",
      "resolved": "https://registry.npmjs.org/hepburn/-/hepburn-1.1.1.tgz",
      "integrity": "sha512-Ok3ZmMJN3ek4WFAL4f5t8k+BmrDRlS5qGjI4um+3cHH0SrYVzJgUTYwIfGvU8s/eWqOEY+gsINwjJSoaBG3A9g==",
      "requires": {
        "bulk-replace": "0.0.1"
      }
    }
  }
}
